// !$*UTF8*$!
{
	archiveVersion = 1;
	classes = {
	};
	objectVersion = 46;
	objects = {

/* Begin PBXBuildFile section */
		7A7E9A8816375A53000AFF66 /* UIKit.framework in Frameworks */ = {isa = PBXBuildFile; fileRef = 7A7E9A8716375A53000AFF66 /* UIKit.framework */; };
		7A7E9A8A16375A53000AFF66 /* Foundation.framework in Frameworks */ = {isa = PBXBuildFile; fileRef = 7A7E9A8916375A53000AFF66 /* Foundation.framework */; };
		7A7E9A8C16375A53000AFF66 /* CoreGraphics.framework in Frameworks */ = {isa = PBXBuildFile; fileRef = 7A7E9A8B16375A53000AFF66 /* CoreGraphics.framework */; };
		7A7E9A9216375A53000AFF66 /* InfoPlist.strings in Resources */ = {isa = PBXBuildFile; fileRef = 7A7E9A9016375A53000AFF66 /* InfoPlist.strings */; };
		7A7E9A9416375A53000AFF66 /* main.m in Sources */ = {isa = PBXBuildFile; fileRef = 7A7E9A9316375A53000AFF66 /* main.m */; };
		7A7E9A9816375A53000AFF66 /* AppDelegate.m in Sources */ = {isa = PBXBuildFile; fileRef = 7A7E9A9716375A53000AFF66 /* AppDelegate.m */; };
		7A7E9A9A16375A53000AFF66 /* Default.png in Resources */ = {isa = PBXBuildFile; fileRef = 7A7E9A9916375A53000AFF66 /* Default.png */; };
		7A7E9A9C16375A53000AFF66 /* Default@2x.png in Resources */ = {isa = PBXBuildFile; fileRef = 7A7E9A9B16375A53000AFF66 /* Default@2x.png */; };
		7A7E9A9E16375A53000AFF66 /* Default-568h@2x.png in Resources */ = {isa = PBXBuildFile; fileRef = 7A7E9A9D16375A53000AFF66 /* Default-568h@2x.png */; };
		7A7E9AA116375A53000AFF66 /* MainStoryboard.storyboard in Resources */ = {isa = PBXBuildFile; fileRef = 7A7E9A9F16375A53000AFF66 /* MainStoryboard.storyboard */; };
		7A7E9AA416375A53000AFF66 /* ViewController.m in Sources */ = {isa = PBXBuildFile; fileRef = 7A7E9AA316375A53000AFF66 /* ViewController.m */; };
		AA0DA1301658089000E86FD5 /* User.m in Sources */ = {isa = PBXBuildFile; fileRef = AA0DA12F1658089000E86FD5 /* User.m */; };
		AA28870C163DD64500FE140C /* SettingsViewController.m in Sources */ = {isa = PBXBuildFile; fileRef = AA28870B163DD64500FE140C /* SettingsViewController.m */; };
		AA288711163DD82100FE140C /* Cache.mm in Sources */ = {isa = PBXBuildFile; fileRef = AA288710163DD82100FE140C /* Cache.mm */; };
		AA288715163DD84700FE140C /* SyncHelper.m in Sources */ = {isa = PBXBuildFile; fileRef = AA288714163DD84700FE140C /* SyncHelper.m */; };
		AA2BC7191655FA6C0043AAE6 /* cache.db in Resources */ = {isa = PBXBuildFile; fileRef = AA2BC7181655FA6C0043AAE6 /* cache.db */; };
		AA2BC71D165603A10043AAE6 /* Utilities.m in Sources */ = {isa = PBXBuildFile; fileRef = AA2BC71C165603A10043AAE6 /* Utilities.m */; };
		AA93BA74163A31DD007BC9BC /* MapKit.framework in Frameworks */ = {isa = PBXBuildFile; fileRef = AA93BA73163A31DD007BC9BC /* MapKit.framework */; };
		AA958E07165ACB0E00FE3940 /* Pin.m in Sources */ = {isa = PBXBuildFile; fileRef = AA958E06165ACB0E00FE3940 /* Pin.m */; };
		AA958E0B165AFED200FE3940 /* Comment.m in Sources */ = {isa = PBXBuildFile; fileRef = AA958E0A165AFED100FE3940 /* Comment.m */; };
		AAB2098D163DB42F003EEC55 /* DataView.m in Sources */ = {isa = PBXBuildFile; fileRef = AAB2098C163DB42F003EEC55 /* DataView.m */; };
		AAB20990163DB44A003EEC55 /* DataViewController.m in Sources */ = {isa = PBXBuildFile; fileRef = AAB2098F163DB44A003EEC55 /* DataViewController.m */; };
		AAB89AC7163DE4A5008FE9C4 /* ChoosePinTypeViewController.m in Sources */ = {isa = PBXBuildFile; fileRef = AAB89AC6163DE4A5008FE9C4 /* ChoosePinTypeViewController.m */; };
		AAC5B7A31646FE2F00BB2362 /* MapView.m in Sources */ = {isa = PBXBuildFile; fileRef = AAC5B7A21646FE2F00BB2362 /* MapView.m */; };
		AAD8B0101650700D00CE728F /* libsqlite3.dylib in Frameworks */ = {isa = PBXBuildFile; fileRef = AAD8B00F1650700D00CE728F /* libsqlite3.dylib */; };
/* End PBXBuildFile section */

/* Begin PBXFileReference section */
		7A7E9A8316375A53000AFF66 /* GTWat.app */ = {isa = PBXFileReference; explicitFileType = wrapper.application; includeInIndex = 0; path = GTWat.app; sourceTree = BUILT_PRODUCTS_DIR; };
		7A7E9A8716375A53000AFF66 /* UIKit.framework */ = {isa = PBXFileReference; lastKnownFileType = wrapper.framework; name = UIKit.framework; path = System/Library/Frameworks/UIKit.framework; sourceTree = SDKROOT; };
		7A7E9A8916375A53000AFF66 /* Foundation.framework */ = {isa = PBXFileReference; lastKnownFileType = wrapper.framework; name = Foundation.framework; path = System/Library/Frameworks/Foundation.framework; sourceTree = SDKROOT; };
		7A7E9A8B16375A53000AFF66 /* CoreGraphics.framework */ = {isa = PBXFileReference; lastKnownFileType = wrapper.framework; name = CoreGraphics.framework; path = System/Library/Frameworks/CoreGraphics.framework; sourceTree = SDKROOT; };
		7A7E9A8F16375A53000AFF66 /* GTWat-Info.plist */ = {isa = PBXFileReference; lastKnownFileType = text.plist.xml; path = "GTWat-Info.plist"; sourceTree = "<group>"; };
		7A7E9A9116375A53000AFF66 /* en */ = {isa = PBXFileReference; lastKnownFileType = text.plist.strings; name = en; path = en.lproj/InfoPlist.strings; sourceTree = "<group>"; };
		7A7E9A9316375A53000AFF66 /* main.m */ = {isa = PBXFileReference; lastKnownFileType = sourcecode.c.objc; path = main.m; sourceTree = "<group>"; };
		7A7E9A9516375A53000AFF66 /* GTWat-Prefix.pch */ = {isa = PBXFileReference; lastKnownFileType = sourcecode.c.h; path = "GTWat-Prefix.pch"; sourceTree = "<group>"; };
		7A7E9A9616375A53000AFF66 /* AppDelegate.h */ = {isa = PBXFileReference; lastKnownFileType = sourcecode.c.h; path = AppDelegate.h; sourceTree = "<group>"; };
		7A7E9A9716375A53000AFF66 /* AppDelegate.m */ = {isa = PBXFileReference; lastKnownFileType = sourcecode.c.objc; path = AppDelegate.m; sourceTree = "<group>"; };
		7A7E9A9916375A53000AFF66 /* Default.png */ = {isa = PBXFileReference; lastKnownFileType = image.png; path = Default.png; sourceTree = "<group>"; };
		7A7E9A9B16375A53000AFF66 /* Default@2x.png */ = {isa = PBXFileReference; lastKnownFileType = image.png; path = "Default@2x.png"; sourceTree = "<group>"; };
		7A7E9A9D16375A53000AFF66 /* Default-568h@2x.png */ = {isa = PBXFileReference; lastKnownFileType = image.png; path = "Default-568h@2x.png"; sourceTree = "<group>"; };
		7A7E9AA016375A53000AFF66 /* en */ = {isa = PBXFileReference; lastKnownFileType = file.storyboard; name = en; path = en.lproj/MainStoryboard.storyboard; sourceTree = "<group>"; };
		7A7E9AA216375A53000AFF66 /* ViewController.h */ = {isa = PBXFileReference; lastKnownFileType = sourcecode.c.h; path = ViewController.h; sourceTree = "<group>"; };
		7A7E9AA316375A53000AFF66 /* ViewController.m */ = {isa = PBXFileReference; lastKnownFileType = sourcecode.c.objc; path = ViewController.m; sourceTree = "<group>"; };
		AA0DA12E1658089000E86FD5 /* User.h */ = {isa = PBXFileReference; fileEncoding = 4; lastKnownFileType = sourcecode.c.h; name = User.h; path = Backend/User.h; sourceTree = "<group>"; };
		AA0DA12F1658089000E86FD5 /* User.m */ = {isa = PBXFileReference; fileEncoding = 4; lastKnownFileType = sourcecode.c.objc; name = User.m; path = Backend/User.m; sourceTree = "<group>"; };
		AA28870A163DD64500FE140C /* SettingsViewController.h */ = {isa = PBXFileReference; fileEncoding = 4; lastKnownFileType = sourcecode.c.h; name = SettingsViewController.h; path = SettingsView/SettingsViewController.h; sourceTree = "<group>"; };
		AA28870B163DD64500FE140C /* SettingsViewController.m */ = {isa = PBXFileReference; fileEncoding = 4; lastKnownFileType = sourcecode.c.objc; name = SettingsViewController.m; path = SettingsView/SettingsViewController.m; sourceTree = "<group>"; };
		AA28870F163DD82100FE140C /* Cache.h */ = {isa = PBXFileReference; fileEncoding = 4; lastKnownFileType = sourcecode.c.h; name = Cache.h; path = Backend/Cache/Cache.h; sourceTree = "<group>"; };
		AA288710163DD82100FE140C /* Cache.mm */ = {isa = PBXFileReference; fileEncoding = 4; lastKnownFileType = sourcecode.cpp.objcpp; name = Cache.mm; path = Backend/Cache/Cache.mm; sourceTree = "<group>"; };
		AA288713163DD84700FE140C /* SyncHelper.h */ = {isa = PBXFileReference; fileEncoding = 4; lastKnownFileType = sourcecode.c.h; name = SyncHelper.h; path = Backend/Cache/SyncHelper.h; sourceTree = "<group>"; };
		AA288714163DD84700FE140C /* SyncHelper.m */ = {isa = PBXFileReference; fileEncoding = 4; lastKnownFileType = sourcecode.c.objc; name = SyncHelper.m; path = Backend/Cache/SyncHelper.m; sourceTree = "<group>"; };
		AA2BC7181655FA6C0043AAE6 /* cache.db */ = {isa = PBXFileReference; lastKnownFileType = file; name = cache.db; path = Backend/Cache/cache.db; sourceTree = "<group>"; };
		AA2BC71B165603A10043AAE6 /* Utilities.h */ = {isa = PBXFileReference; fileEncoding = 4; lastKnownFileType = sourcecode.c.h; name = Utilities.h; path = Backend/Utilities.h; sourceTree = "<group>"; };
		AA2BC71C165603A10043AAE6 /* Utilities.m */ = {isa = PBXFileReference; fileEncoding = 4; lastKnownFileType = sourcecode.c.objc; name = Utilities.m; path = Backend/Utilities.m; sourceTree = "<group>"; };
		AA93BA73163A31DD007BC9BC /* MapKit.framework */ = {isa = PBXFileReference; lastKnownFileType = wrapper.framework; name = MapKit.framework; path = System/Library/Frameworks/MapKit.framework; sourceTree = SDKROOT; };
		AA958E05165ACB0E00FE3940 /* Pin.h */ = {isa = PBXFileReference; fileEncoding = 4; lastKnownFileType = sourcecode.c.h; name = Pin.h; path = Backend/Pin.h; sourceTree = "<group>"; };
		AA958E06165ACB0E00FE3940 /* Pin.m */ = {isa = PBXFileReference; fileEncoding = 4; lastKnownFileType = sourcecode.c.objc; name = Pin.m; path = Backend/Pin.m; sourceTree = "<group>"; };
		AA958E09165AFED100FE3940 /* Comment.h */ = {isa = PBXFileReference; fileEncoding = 4; lastKnownFileType = sourcecode.c.h; name = Comment.h; path = Backend/Comment.h; sourceTree = "<group>"; };
		AA958E0A165AFED100FE3940 /* Comment.m */ = {isa = PBXFileReference; fileEncoding = 4; lastKnownFileType = sourcecode.c.objc; name = Comment.m; path = Backend/Comment.m; sourceTree = "<group>"; };
		AAB2098B163DB42F003EEC55 /* DataView.h */ = {isa = PBXFileReference; fileEncoding = 4; lastKnownFileType = sourcecode.c.h; name = DataView.h; path = DataView/DataView.h; sourceTree = "<group>"; };
		AAB2098C163DB42F003EEC55 /* DataView.m */ = {isa = PBXFileReference; fileEncoding = 4; lastKnownFileType = sourcecode.c.objc; name = DataView.m; path = DataView/DataView.m; sourceTree = "<group>"; };
		AAB2098E163DB44A003EEC55 /* DataViewController.h */ = {isa = PBXFileReference; fileEncoding = 4; lastKnownFileType = sourcecode.c.h; name = DataViewController.h; path = DataView/DataViewController.h; sourceTree = "<group>"; };
		AAB2098F163DB44A003EEC55 /* DataViewController.m */ = {isa = PBXFileReference; fileEncoding = 4; lastKnownFileType = sourcecode.c.objc; name = DataViewController.m; path = DataView/DataViewController.m; sourceTree = "<group>"; };
		AAB89AC5163DE4A5008FE9C4 /* ChoosePinTypeViewController.h */ = {isa = PBXFileReference; fileEncoding = 4; lastKnownFileType = sourcecode.c.h; name = ChoosePinTypeViewController.h; path = DataView/ChoosePinView/ChoosePinTypeViewController.h; sourceTree = "<group>"; };
		AAB89AC6163DE4A5008FE9C4 /* ChoosePinTypeViewController.m */ = {isa = PBXFileReference; fileEncoding = 4; lastKnownFileType = sourcecode.c.objc; name = ChoosePinTypeViewController.m; path = DataView/ChoosePinView/ChoosePinTypeViewController.m; sourceTree = "<group>"; };
		AAC5B7A11646FE2F00BB2362 /* MapView.h */ = {isa = PBXFileReference; fileEncoding = 4; lastKnownFileType = sourcecode.c.h; path = MapView.h; sourceTree = "<group>"; };
		AAC5B7A21646FE2F00BB2362 /* MapView.m */ = {isa = PBXFileReference; fileEncoding = 4; lastKnownFileType = sourcecode.c.objc; path = MapView.m; sourceTree = "<group>"; };
		AAD8B00F1650700D00CE728F /* libsqlite3.dylib */ = {isa = PBXFileReference; lastKnownFileType = "compiled.mach-o.dylib"; name = libsqlite3.dylib; path = usr/lib/libsqlite3.dylib; sourceTree = SDKROOT; };
/* End PBXFileReference section */

/* Begin PBXFrameworksBuildPhase section */
		7A7E9A8016375A53000AFF66 /* Frameworks */ = {
			isa = PBXFrameworksBuildPhase;
			buildActionMask = 2147483647;
			files = (
				AAD8B0101650700D00CE728F /* libsqlite3.dylib in Frameworks */,
				AA93BA74163A31DD007BC9BC /* MapKit.framework in Frameworks */,
				7A7E9A8816375A53000AFF66 /* UIKit.framework in Frameworks */,
				7A7E9A8A16375A53000AFF66 /* Foundation.framework in Frameworks */,
				7A7E9A8C16375A53000AFF66 /* CoreGraphics.framework in Frameworks */,
			);
			runOnlyForDeploymentPostprocessing = 0;
		};
/* End PBXFrameworksBuildPhase section */

/* Begin PBXGroup section */
		7A7E9A7816375A53000AFF66 = {
			isa = PBXGroup;
			children = (
				7A7E9A8D16375A53000AFF66 /* GTWat */,
				7A7E9A8616375A53000AFF66 /* Frameworks */,
				7A7E9A8416375A53000AFF66 /* Products */,
			);
			sourceTree = "<group>";
		};
		7A7E9A8416375A53000AFF66 /* Products */ = {
			isa = PBXGroup;
			children = (
				7A7E9A8316375A53000AFF66 /* GTWat.app */,
			);
			name = Products;
			sourceTree = "<group>";
		};
		7A7E9A8616375A53000AFF66 /* Frameworks */ = {
			isa = PBXGroup;
			children = (
				AAD8B00F1650700D00CE728F /* libsqlite3.dylib */,
				AA93BA73163A31DD007BC9BC /* MapKit.framework */,
				7A7E9A8716375A53000AFF66 /* UIKit.framework */,
				7A7E9A8916375A53000AFF66 /* Foundation.framework */,
				7A7E9A8B16375A53000AFF66 /* CoreGraphics.framework */,
			);
			name = Frameworks;
			sourceTree = "<group>";
		};
		7A7E9A8D16375A53000AFF66 /* GTWat */ = {
			isa = PBXGroup;
			children = (
				AA28870D163DD72700FE140C /* Backend */,
				AA288708163DD62F00FE140C /* SettingsView */,
				AAB20989163DB3F8003EEC55 /* DataView */,
				7A7E9A9616375A53000AFF66 /* AppDelegate.h */,
				7A7E9A9716375A53000AFF66 /* AppDelegate.m */,
				7A7E9A9F16375A53000AFF66 /* MainStoryboard.storyboard */,
				7A7E9AA216375A53000AFF66 /* ViewController.h */,
				7A7E9AA316375A53000AFF66 /* ViewController.m */,
				AAC5B7A11646FE2F00BB2362 /* MapView.h */,
				AAC5B7A21646FE2F00BB2362 /* MapView.m */,
				7A7E9A8E16375A53000AFF66 /* Supporting Files */,
			);
			path = GTWat;
			sourceTree = "<group>";
		};
		7A7E9A8E16375A53000AFF66 /* Supporting Files */ = {
			isa = PBXGroup;
			children = (
				7A7E9A8F16375A53000AFF66 /* GTWat-Info.plist */,
				7A7E9A9016375A53000AFF66 /* InfoPlist.strings */,
				7A7E9A9316375A53000AFF66 /* main.m */,
				7A7E9A9516375A53000AFF66 /* GTWat-Prefix.pch */,
				7A7E9A9916375A53000AFF66 /* Default.png */,
				7A7E9A9B16375A53000AFF66 /* Default@2x.png */,
				7A7E9A9D16375A53000AFF66 /* Default-568h@2x.png */,
			);
			name = "Supporting Files";
			sourceTree = "<group>";
		};
		AA288708163DD62F00FE140C /* SettingsView */ = {
			isa = PBXGroup;
			children = (
				AA28870A163DD64500FE140C /* SettingsViewController.h */,
				AA28870B163DD64500FE140C /* SettingsViewController.m */,
			);
			name = SettingsView;
			sourceTree = "<group>";
		};
		AA28870D163DD72700FE140C /* Backend */ = {
			isa = PBXGroup;
			children = (
				AA28870E163DD80300FE140C /* Cache */,
				AA2BC71B165603A10043AAE6 /* Utilities.h */,
				AA2BC71C165603A10043AAE6 /* Utilities.m */,
				AA0DA12E1658089000E86FD5 /* User.h */,
				AA0DA12F1658089000E86FD5 /* User.m */,
				AA958E05165ACB0E00FE3940 /* Pin.h */,
				AA958E06165ACB0E00FE3940 /* Pin.m */,
				AA958E09165AFED100FE3940 /* Comment.h */,
				AA958E0A165AFED100FE3940 /* Comment.m */,
			);
			name = Backend;
			sourceTree = "<group>";
		};
		AA28870E163DD80300FE140C /* Cache */ = {
			isa = PBXGroup;
			children = (
				AA2BC7181655FA6C0043AAE6 /* cache.db */,
				AA28870F163DD82100FE140C /* Cache.h */,
				AA288710163DD82100FE140C /* Cache.mm */,
				AA288713163DD84700FE140C /* SyncHelper.h */,
				AA288714163DD84700FE140C /* SyncHelper.m */,
			);
			name = Cache;
			sourceTree = "<group>";
		};
		AAB20989163DB3F8003EEC55 /* DataView */ = {
			isa = PBXGroup;
			children = (
				AAB89AC4163DE47F008FE9C4 /* ChoosePinTypeView */,
				AAB2098B163DB42F003EEC55 /* DataView.h */,
				AAB2098C163DB42F003EEC55 /* DataView.m */,
				AAB2098E163DB44A003EEC55 /* DataViewController.h */,
				AAB2098F163DB44A003EEC55 /* DataViewController.m */,
			);
			name = DataView;
			sourceTree = "<group>";
		};
		AAB89AC4163DE47F008FE9C4 /* ChoosePinTypeView */ = {
			isa = PBXGroup;
			children = (
				AAB89AC5163DE4A5008FE9C4 /* ChoosePinTypeViewController.h */,
				AAB89AC6163DE4A5008FE9C4 /* ChoosePinTypeViewController.m */,
			);
			name = ChoosePinTypeView;
			sourceTree = "<group>";
		};
/* End PBXGroup section */

/* Begin PBXNativeTarget section */
		7A7E9A8216375A53000AFF66 /* GTWat */ = {
			isa = PBXNativeTarget;
			buildConfigurationList = 7A7E9AA716375A53000AFF66 /* Build configuration list for PBXNativeTarget "GTWat" */;
			buildPhases = (
				7A7E9A7F16375A53000AFF66 /* Sources */,
				7A7E9A8016375A53000AFF66 /* Frameworks */,
				7A7E9A8116375A53000AFF66 /* Resources */,
			);
			buildRules = (
			);
			dependencies = (
			);
			name = GTWat;
			productName = GTWat;
			productReference = 7A7E9A8316375A53000AFF66 /* GTWat.app */;
			productType = "com.apple.product-type.application";
		};
/* End PBXNativeTarget section */

/* Begin PBXProject section */
		7A7E9A7A16375A53000AFF66 /* Project object */ = {
			isa = PBXProject;
			attributes = {
				LastUpgradeCheck = 0450;
				ORGANIZATIONNAME = "404 Team Not Found";
			};
			buildConfigurationList = 7A7E9A7D16375A53000AFF66 /* Build configuration list for PBXProject "GTWat" */;
			compatibilityVersion = "Xcode 3.2";
			developmentRegion = English;
			hasScannedForEncodings = 0;
			knownRegions = (
				en,
			);
			mainGroup = 7A7E9A7816375A53000AFF66;
			productRefGroup = 7A7E9A8416375A53000AFF66 /* Products */;
			projectDirPath = "";
			projectRoot = "";
			targets = (
				7A7E9A8216375A53000AFF66 /* GTWat */,
			);
		};
/* End PBXProject section */

/* Begin PBXResourcesBuildPhase section */
		7A7E9A8116375A53000AFF66 /* Resources */ = {
			isa = PBXResourcesBuildPhase;
			buildActionMask = 2147483647;
			files = (
				7A7E9A9216375A53000AFF66 /* InfoPlist.strings in Resources */,
				7A7E9A9A16375A53000AFF66 /* Default.png in Resources */,
				7A7E9A9C16375A53000AFF66 /* Default@2x.png in Resources */,
				7A7E9A9E16375A53000AFF66 /* Default-568h@2x.png in Resources */,
				7A7E9AA116375A53000AFF66 /* MainStoryboard.storyboard in Resources */,
				AA2BC7191655FA6C0043AAE6 /* cache.db in Resources */,
			);
			runOnlyForDeploymentPostprocessing = 0;
		};
/* End PBXResourcesBuildPhase section */

/* Begin PBXSourcesBuildPhase section */
		7A7E9A7F16375A53000AFF66 /* Sources */ = {
			isa = PBXSourcesBuildPhase;
			buildActionMask = 2147483647;
			files = (
				7A7E9A9416375A53000AFF66 /* main.m in Sources */,
				7A7E9A9816375A53000AFF66 /* AppDelegate.m in Sources */,
				7A7E9AA416375A53000AFF66 /* ViewController.m in Sources */,
				AAB2098D163DB42F003EEC55 /* DataView.m in Sources */,
				AAB20990163DB44A003EEC55 /* DataViewController.m in Sources */,
				AA28870C163DD64500FE140C /* SettingsViewController.m in Sources */,
				AA288711163DD82100FE140C /* Cache.mm in Sources */,
				AA288715163DD84700FE140C /* SyncHelper.m in Sources */,
				AAB89AC7163DE4A5008FE9C4 /* ChoosePinTypeViewController.m in Sources */,
				AAC5B7A31646FE2F00BB2362 /* MapView.m in Sources */,
				AA2BC71D165603A10043AAE6 /* Utilities.m in Sources */,
				AA0DA1301658089000E86FD5 /* User.m in Sources */,
				AA958E07165ACB0E00FE3940 /* Pin.m in Sources */,
				AA958E0B165AFED200FE3940 /* Comment.m in Sources */,
			);
			runOnlyForDeploymentPostprocessing = 0;
		};
/* End PBXSourcesBuildPhase section */

/* Begin PBXVariantGroup section */
		7A7E9A9016375A53000AFF66 /* InfoPlist.strings */ = {
			isa = PBXVariantGroup;
			children = (
				7A7E9A9116375A53000AFF66 /* en */,
			);
			name = InfoPlist.strings;
			sourceTree = "<group>";
		};
		7A7E9A9F16375A53000AFF66 /* MainStoryboard.storyboard */ = {
			isa = PBXVariantGroup;
			children = (
				7A7E9AA016375A53000AFF66 /* en */,
			);
			name = MainStoryboard.storyboard;
			sourceTree = "<group>";
		};
/* End PBXVariantGroup section */

/* Begin XCBuildConfiguration section */
		7A7E9AA516375A53000AFF66 /* Debug */ = {
			isa = XCBuildConfiguration;
			buildSettings = {
				ALWAYS_SEARCH_USER_PATHS = NO;
				CLANG_CXX_LANGUAGE_STANDARD = "gnu++0x";
				CLANG_CXX_LIBRARY = "libc++";
				CLANG_WARN_EMPTY_BODY = YES;
				CLANG_WARN__DUPLICATE_METHOD_MATCH = YES;
				"CODE_SIGN_IDENTITY[sdk=iphoneos*]" = "iPhone Developer";
				COPY_PHASE_STRIP = NO;
				GCC_C_LANGUAGE_STANDARD = gnu99;
				GCC_DYNAMIC_NO_PIC = NO;
				GCC_OPTIMIZATION_LEVEL = 0;
				GCC_PREPROCESSOR_DEFINITIONS = (
					"DEBUG=1",
					"$(inherited)",
				);
				GCC_SYMBOLS_PRIVATE_EXTERN = NO;
				GCC_WARN_ABOUT_RETURN_TYPE = YES;
				GCC_WARN_UNINITIALIZED_AUTOS = YES;
				GCC_WARN_UNUSED_VARIABLE = YES;
				IPHONEOS_DEPLOYMENT_TARGET = 6.0;
				ONLY_ACTIVE_ARCH = YES;
				SDKROOT = iphoneos;
			};
			name = Debug;
		};
		7A7E9AA616375A53000AFF66 /* Release */ = {
			isa = XCBuildConfiguration;
			buildSettings = {
				ALWAYS_SEARCH_USER_PATHS = NO;
				CLANG_CXX_LANGUAGE_STANDARD = "gnu++0x";
				CLANG_CXX_LIBRARY = "libc++";
				CLANG_WARN_EMPTY_BODY = YES;
				CLANG_WARN__DUPLICATE_METHOD_MATCH = YES;
				"CODE_SIGN_IDENTITY[sdk=iphoneos*]" = "iPhone Developer";
				COPY_PHASE_STRIP = YES;
				GCC_C_LANGUAGE_STANDARD = gnu99;
				GCC_WARN_ABOUT_RETURN_TYPE = YES;
				GCC_WARN_UNINITIALIZED_AUTOS = YES;
				GCC_WARN_UNUSED_VARIABLE = YES;
				IPHONEOS_DEPLOYMENT_TARGET = 6.0;
				OTHER_CFLAGS = "-DNS_BLOCK_ASSERTIONS=1";
				SDKROOT = iphoneos;
				VALIDATE_PRODUCT = YES;
			};
			name = Release;
		};
		7A7E9AA816375A53000AFF66 /* Debug */ = {
			isa = XCBuildConfiguration;
			buildSettings = {
				GCC_PRECOMPILE_PREFIX_HEADER = YES;
				GCC_PREFIX_HEADER = "GTWat/GTWat-Prefix.pch";
				INFOPLIST_FILE = "GTWat/GTWat-Info.plist";
				PRODUCT_NAME = "$(TARGET_NAME)";
				WRAPPER_EXTENSION = app;
			};
			name = Debug;
		};
		7A7E9AA916375A53000AFF66 /* Release */ = {
			isa = XCBuildConfiguration;
			buildSettings = {
				GCC_PRECOMPILE_PREFIX_HEADER = YES;
				GCC_PREFIX_HEADER = "GTWat/GTWat-Prefix.pch";
				INFOPLIST_FILE = "GTWat/GTWat-Info.plist";
				PRODUCT_NAME = "$(TARGET_NAME)";
				WRAPPER_EXTENSION = app;
			};
			name = Release;
		};
/* End XCBuildConfiguration section */

/* Begin XCConfigurationList section */
		7A7E9A7D16375A53000AFF66 /* Build configuration list for PBXProject "GTWat" */ = {
			isa = XCConfigurationList;
			buildConfigurations = (
				7A7E9AA516375A53000AFF66 /* Debug */,
				7A7E9AA616375A53000AFF66 /* Release */,
			);
			defaultConfigurationIsVisible = 0;
			defaultConfigurationName = Release;
		};
		7A7E9AA716375A53000AFF66 /* Build configuration list for PBXNativeTarget "GTWat" */ = {
			isa = XCConfigurationList;
			buildConfigurations = (
				7A7E9AA816375A53000AFF66 /* Debug */,
				7A7E9AA916375A53000AFF66 /* Release */,
			);
			defaultConfigurationIsVisible = 0;
			defaultConfigurationName = Release;
		};
/* End XCConfigurationList section */
	};
	rootObject = 7A7E9A7A16375A53000AFF66 /* Project object */;
}
